<?xml version="1.0" encoding="utf-8"?>
<Project ToolsVersion="4.0" xmlns="http://schemas.microsoft.com/developer/msbuild/2003">
  <ItemGroup>
    <Filter Include="源文件">
      <UniqueIdentifier>{4FC737F1-C7A5-4376-A066-2A32D752A2FF}</UniqueIdentifier>
      <Extensions>cpp;c;cc;cxx;def;odl;idl;hpj;bat;asm;asmx</Extensions>
    </Filter>
    <Filter Include="头文件">
      <UniqueIdentifier>{93995380-89BD-4b04-88EB-625FBE52EBFB}</UniqueIdentifier>
      <Extensions>h;hh;hpp;hxx;hm;inl;inc;xsd</Extensions>
    </Filter>
    <Filter Include="资源文件">
      <UniqueIdentifier>{67DA6AB6-F800-4c08-8B7A-83BB121AAD01}</UniqueIdentifier>
      <Extensions>rc;ico;cur;bmp;dlg;rc2;rct;bin;rgs;gif;jpg;jpeg;jpe;resx;tiff;tif;png;wav;mfcribbon-ms</Extensions>
    </Filter>
    <Filter Include="头文件\interface">
      <UniqueIdentifier>{ddf3308c-dcca-4690-97f5-2d2f3524220b}</UniqueIdentifier>
    </Filter>
    <Filter Include="头文件\interface\command">
      <UniqueIdentifier>{014c9bf2-3173-4c44-933a-eb729371aa4a}</UniqueIdentifier>
    </Filter>
    <Filter Include="头文件\interface\model">
      <UniqueIdentifier>{d85fc4f8-052d-4513-9cb5-544cdb98c28b}</UniqueIdentifier>
    </Filter>
    <Filter Include="头文件\interface\observer">
      <UniqueIdentifier>{56097889-0a0f-40d9-9994-2aff9af293af}</UniqueIdentifier>
    </Filter>
    <Filter Include="源文件\interface">
      <UniqueIdentifier>{d0e06787-125e-4291-bac3-9e9cdc0c5037}</UniqueIdentifier>
    </Filter>
  </ItemGroup>
  <ItemGroup>
    <ClCompile Include="UndoManager.cpp">
      <Filter>源文件\interface</Filter>
    </ClCompile>
    <ClCompile Include="CompoundEdit.cpp">
      <Filter>源文件\interface</Filter>
    </ClCompile>
    <ClCompile Include="FileSystem.cpp">
      <Filter>源文件</Filter>
    </ClCompile>
    <ClCompile Include="file.cpp">
      <Filter>源文件</Filter>
    </ClCompile>
    <ClCompile Include="directory.cpp">
      <Filter>源文件</Filter>
    </ClCompile>
    <ClCompile Include="fileEdit.cpp">
      <Filter>源文件</Filter>
    </ClCompile>
    <ClCompile Include="main.cpp">
      <Filter>源文件</Filter>
    </ClCompile>
  </ItemGroup>
  <ItemGroup>
    <ClInclude Include="Iobservable.h">
      <Filter>头文件\interface\observer</Filter>
    </ClInclude>
    <ClInclude Include="Iobserver.h">
      <Filter>头文件\interface\observer</Filter>
    </ClInclude>
    <ClInclude Include="Entry.h">
      <Filter>头文件\interface\model</Filter>
    </ClInclude>
    <ClInclude Include="UndoManager.h">
      <Filter>头文件\interface\command</Filter>
    </ClInclude>
    <ClInclude Include="UndoableEditSupport.h">
      <Filter>头文件\interface\command</Filter>
    </ClInclude>
    <ClInclude Include="UndoableEditListener.h">
      <Filter>头文件\interface\command</Filter>
    </ClInclude>
    <ClInclude Include="UndoableEditEvent.h">
      <Filter>头文件\interface\command</Filter>
    </ClInclude>
    <ClInclude Include="UndoableEdit.h">
      <Filter>头文件\interface\command</Filter>
    </ClInclude>
    <ClInclude Include="CompoundEdit.h">
      <Filter>头文件\interface\command</Filter>
    </ClInclude>
    <ClInclude Include="file.h">
      <Filter>头文件</Filter>
    </ClInclude>
    <ClInclude Include="directory.h">
      <Filter>头文件</Filter>
    </ClInclude>
    <ClInclude Include="FileSystem.h">
      <Filter>头文件</Filter>
    </ClInclude>
    <ClInclude Include="fileEdit.h">
      <Filter>头文件</Filter>
    </ClInclude>
    <ClInclude Include="fileEditManager.h">
      <Filter>头文件</Filter>
    </ClInclude>
    <ClInclude Include="fileEditSupport.h">
      <Filter>头文件</Filter>
    </ClInclude>
  </ItemGroup>
  <ItemGroup>
    <None Include="ClassDiagram.cd" />
    <None Include="ClassDiagram1.cd" />
  </ItemGroup>
</Project>